
Microsoft Visual Studio Solution File, Format Version 12.00
# Visual Studio 15
VisualStudioVersion = 15.0.27428.2037
MinimumVisualStudioVersion = 10.0.40219.1
Project("{FAE04EC0-301F-11D3-BF4B-00C04F79EFBC}") = "Website", "Website\Website.csproj", "{7B941890-98AD-44FF-8A49-D6653162DA05}"
EndProject
Global
	GlobalSection(SolutionConfigurationPlatforms) = preSolution
		Debug|Any CPU = Debug|Any CPU
		Release|Any CPU = Release|Any CPU
	EndGlobalSection
	GlobalSection(ProjectConfigurationPlatforms) = postSolution
		{7B941890-98AD-44FF-8A49-D6653162DA05}.Debug|Any CPU.ActiveCfg = Debug|Any CPU
		{7B941890-98AD-44FF-8A49-D6653162DA05}.Debug|Any CPU.Build.0 = Debug|Any CPU
		{7B941890-98AD-44FF-8A49-D6653162DA05}.Release|Any CPU.ActiveCfg = Release|Any CPU
		{7B941890-98AD-44FF-8A49-D6653162DA05}.Release|Any CPU.Build.0 = Release|Any CPU
	EndGlobalSection
	GlobalSection(SolutionProperties) = preSolution
		HideSolutionNode = FALSE
	EndGlobalSection
	GlobalSection(ExtensibilityGlobals) = postSolution
		SolutionGuid = {6342F852-2895-4DA3-B8FC-81F15EEC3309}
	EndGlobalSection
EndGlobal
